
Microsoft Visual Studio Solution File, Format Version 12.00
Project("{FAE04EC0-301F-11D3-BF4B-00C04F79EFBC}") = "StockChat.Identity", "src\StockChat.Identity\StockChat.Identity.csproj", "{AD56DD38-40B7-44A0-8663-2F7199EE0539}"
EndProject
Project("{FAE04EC0-301F-11D3-BF4B-00C04F79EFBC}") = "StockChat.Web", "src\StockChat.Web\StockChat.Web.csproj", "{9BC1431D-88F1-4E64-A641-4C2F24B24041}"
EndProject
Project("{FAE04EC0-301F-11D3-BF4B-00C04F79EFBC}") = "StockChat.Api", "src\StockChat.Api\StockChat.Api.csproj", "{1D772BF8-FCB3-4B95-9044-03B8C6ED78BE}"
EndProject
Project("{FAE04EC0-301F-11D3-BF4B-00C04F79EFBC}") = "StockChat.Stock", "src\StockChat.Stock\StockChat.Stock.csproj", "{2B2593C2-9606-4EDE-B5E2-C58546AA1C93}"
EndProject
Project("{2150E333-8FDC-42A3-9474-1A3956D46DE8}") = "src", "src", "{3F35FCEF-E011-49AC-BC44-937F6B9C4B76}"
EndProject
Global
	GlobalSection(SolutionConfigurationPlatforms) = preSolution
		Debug|Any CPU = Debug|Any CPU
		Release|Any CPU = Release|Any CPU
	EndGlobalSection
	GlobalSection(ProjectConfigurationPlatforms) = postSolution
		{AD56DD38-40B7-44A0-8663-2F7199EE0539}.Debug|Any CPU.ActiveCfg = Debug|Any CPU
		{AD56DD38-40B7-44A0-8663-2F7199EE0539}.Debug|Any CPU.Build.0 = Debug|Any CPU
		{AD56DD38-40B7-44A0-8663-2F7199EE0539}.Release|Any CPU.ActiveCfg = Release|Any CPU
		{AD56DD38-40B7-44A0-8663-2F7199EE0539}.Release|Any CPU.Build.0 = Release|Any CPU
		{9BC1431D-88F1-4E64-A641-4C2F24B24041}.Debug|Any CPU.ActiveCfg = Debug|Any CPU
		{9BC1431D-88F1-4E64-A641-4C2F24B24041}.Debug|Any CPU.Build.0 = Debug|Any CPU
		{9BC1431D-88F1-4E64-A641-4C2F24B24041}.Release|Any CPU.ActiveCfg = Release|Any CPU
		{9BC1431D-88F1-4E64-A641-4C2F24B24041}.Release|Any CPU.Build.0 = Release|Any CPU
		{1D772BF8-FCB3-4B95-9044-03B8C6ED78BE}.Debug|Any CPU.ActiveCfg = Debug|Any CPU
		{1D772BF8-FCB3-4B95-9044-03B8C6ED78BE}.Debug|Any CPU.Build.0 = Debug|Any CPU
		{1D772BF8-FCB3-4B95-9044-03B8C6ED78BE}.Release|Any CPU.ActiveCfg = Release|Any CPU
		{1D772BF8-FCB3-4B95-9044-03B8C6ED78BE}.Release|Any CPU.Build.0 = Release|Any CPU
		{2B2593C2-9606-4EDE-B5E2-C58546AA1C93}.Debug|Any CPU.ActiveCfg = Debug|Any CPU
		{2B2593C2-9606-4EDE-B5E2-C58546AA1C93}.Debug|Any CPU.Build.0 = Debug|Any CPU
		{2B2593C2-9606-4EDE-B5E2-C58546AA1C93}.Release|Any CPU.ActiveCfg = Release|Any CPU
		{2B2593C2-9606-4EDE-B5E2-C58546AA1C93}.Release|Any CPU.Build.0 = Release|Any CPU
	EndGlobalSection
	GlobalSection(NestedProjects) = preSolution
		{1D772BF8-FCB3-4B95-9044-03B8C6ED78BE} = {3F35FCEF-E011-49AC-BC44-937F6B9C4B76}
		{AD56DD38-40B7-44A0-8663-2F7199EE0539} = {3F35FCEF-E011-49AC-BC44-937F6B9C4B76}
		{2B2593C2-9606-4EDE-B5E2-C58546AA1C93} = {3F35FCEF-E011-49AC-BC44-937F6B9C4B76}
		{9BC1431D-88F1-4E64-A641-4C2F24B24041} = {3F35FCEF-E011-49AC-BC44-937F6B9C4B76}
	EndGlobalSection
EndGlobal
